
Microsoft Visual Studio Solution File, Format Version 12.00
# Visual Studio Version 16
VisualStudioVersion = 16.0.29806.167
MinimumVisualStudioVersion = 10.0.40219.1
Project("{9A19103F-16F7-4668-BE54-9A1E7A4F7556}") = "SimplerSoftware.EntityFrameworkCore.SqlServer.NodaTime", "SimplerSoftware.EntityFrameworkCore.SqlServer.NodaTime\SimplerSoftware.EntityFrameworkCore.SqlServer.NodaTime.csproj", "{F1DD23C8-5C82-48D6-894D-A4FB55D0BB3D}"
EndProject
Project("{9A19103F-16F7-4668-BE54-9A1E7A4F7556}") = "SimplerSoftware.EntityFrameworkCore.SqlServer.NodaTime.Tests", "SimplerSoftware.EntityFrameworkCore.SqlServer.NodaTime.Tests\SimplerSoftware.EntityFrameworkCore.SqlServer.NodaTime.Tests.csproj", "{2D008360-4FB9-467F-B18C-F2524864D20A}"
EndProject
Project("{2150E333-8FDC-42A3-9474-1A3956D46DE8}") = "SolutionItems", "SolutionItems", "{7012E150-B73D-4285-8E17-F3855AD252C0}"
	ProjectSection(SolutionItems) = preProject
		..\.gitignore = ..\.gitignore
		..\README.md = ..\README.md
	EndProjectSection
EndProject
Global
	GlobalSection(SolutionConfigurationPlatforms) = preSolution
		Debug|Any CPU = Debug|Any CPU
		Release|Any CPU = Release|Any CPU
	EndGlobalSection
	GlobalSection(ProjectConfigurationPlatforms) = postSolution
		{F1DD23C8-5C82-48D6-894D-A4FB55D0BB3D}.Debug|Any CPU.ActiveCfg = Debug|Any CPU
		{F1DD23C8-5C82-48D6-894D-A4FB55D0BB3D}.Debug|Any CPU.Build.0 = Debug|Any CPU
		{F1DD23C8-5C82-48D6-894D-A4FB55D0BB3D}.Release|Any CPU.ActiveCfg = Release|Any CPU
		{F1DD23C8-5C82-48D6-894D-A4FB55D0BB3D}.Release|Any CPU.Build.0 = Release|Any CPU
		{2D008360-4FB9-467F-B18C-F2524864D20A}.Debug|Any CPU.ActiveCfg = Debug|Any CPU
		{2D008360-4FB9-467F-B18C-F2524864D20A}.Debug|Any CPU.Build.0 = Debug|Any CPU
		{2D008360-4FB9-467F-B18C-F2524864D20A}.Release|Any CPU.ActiveCfg = Release|Any CPU
		{2D008360-4FB9-467F-B18C-F2524864D20A}.Release|Any CPU.Build.0 = Release|Any CPU
	EndGlobalSection
	GlobalSection(SolutionProperties) = preSolution
		HideSolutionNode = FALSE
	EndGlobalSection
	GlobalSection(ExtensibilityGlobals) = postSolution
		SolutionGuid = {A601CD9A-67A7-40B0-B6D1-2A0D4243037B}
	EndGlobalSection
EndGlobal
